
Microsoft Visual Studio Solution File, Format Version 12.00
# Visual Studio Version 17
VisualStudioVersion = 17.7.34202.233
MinimumVisualStudioVersion = 10.0.40219.1
Project("{FAE04EC0-301F-11D3-BF4B-00C04F79EFBC}") = "Planes_CodeFirst", "Planes_CodeFirst.csproj", "{7517563F-C3F5-405F-B84B-BDAC7D181044}"
EndProject
Global
	GlobalSection(SolutionConfigurationPlatforms) = preSolution
		Debug|Any CPU = Debug|Any CPU
		Release|Any CPU = Release|Any CPU
	EndGlobalSection
	GlobalSection(ProjectConfigurationPlatforms) = postSolution
		{7517563F-C3F5-405F-B84B-BDAC7D181044}.Debug|Any CPU.ActiveCfg = Debug|Any CPU
		{7517563F-C3F5-405F-B84B-BDAC7D181044}.Debug|Any CPU.Build.0 = Debug|Any CPU
		{7517563F-C3F5-405F-B84B-BDAC7D181044}.Release|Any CPU.ActiveCfg = Release|Any CPU
		{7517563F-C3F5-405F-B84B-BDAC7D181044}.Release|Any CPU.Build.0 = Release|Any CPU
	EndGlobalSection
	GlobalSection(SolutionProperties) = preSolution
		HideSolutionNode = FALSE
	EndGlobalSection
	GlobalSection(ExtensibilityGlobals) = postSolution
		SolutionGuid = {7A3A2C25-D7FF-473B-9C47-88DCE6D3CE65}
	EndGlobalSection
EndGlobal
